
Microsoft Visual Studio Solution File, Format Version 12.00
# Visual Studio Version 17
VisualStudioVersion = 17.13.35931.197 d17.13
MinimumVisualStudioVersion = 10.0.40219.1
Project("{FAE04EC0-301F-11D3-BF4B-00C04F79EFBC}") = "TaskFlowApp", "TaskFlowApp\TaskFlowApp.csproj", "{DFBFA485-8E01-40A5-A796-ADDAE7263BD8}"
EndProject
Global
	GlobalSection(SolutionConfigurationPlatforms) = preSolution
		Debug|Any CPU = Debug|Any CPU
		Release|Any CPU = Release|Any CPU
	EndGlobalSection
	GlobalSection(ProjectConfigurationPlatforms) = postSolution
		{DFBFA485-8E01-40A5-A796-ADDAE7263BD8}.Debug|Any CPU.ActiveCfg = Debug|Any CPU
		{DFBFA485-8E01-40A5-A796-ADDAE7263BD8}.Debug|Any CPU.Build.0 = Debug|Any CPU
		{DFBFA485-8E01-40A5-A796-ADDAE7263BD8}.Release|Any CPU.ActiveCfg = Release|Any CPU
		{DFBFA485-8E01-40A5-A796-ADDAE7263BD8}.Release|Any CPU.Build.0 = Release|Any CPU
	EndGlobalSection
	GlobalSection(SolutionProperties) = preSolution
		HideSolutionNode = FALSE
	EndGlobalSection
	GlobalSection(ExtensibilityGlobals) = postSolution
		SolutionGuid = {A725E4E1-7D14-4AA1-BC11-7CC1C274476A}
	EndGlobalSection
EndGlobal
